
Microsoft Visual Studio Solution File, Format Version 12.00
# Visual Studio Version 17
VisualStudioVersion = 17.8.34525.116
MinimumVisualStudioVersion = 10.0.40219.1
Project("{FAE04EC0-301F-11D3-BF4B-00C04F79EFBC}") = "Card-Reader-Api", "Card-Reader-Api\Card-Reader-Api.csproj", "{12CFC2A4-6C24-4662-92A9-A75417D1388D}"
EndProject
Global
	GlobalSection(SolutionConfigurationPlatforms) = preSolution
		Debug|Any CPU = Debug|Any CPU
		Release|Any CPU = Release|Any CPU
	EndGlobalSection
	GlobalSection(ProjectConfigurationPlatforms) = postSolution
		{12CFC2A4-6C24-4662-92A9-A75417D1388D}.Debug|Any CPU.ActiveCfg = Debug|Any CPU
		{12CFC2A4-6C24-4662-92A9-A75417D1388D}.Debug|Any CPU.Build.0 = Debug|Any CPU
		{12CFC2A4-6C24-4662-92A9-A75417D1388D}.Release|Any CPU.ActiveCfg = Release|Any CPU
		{12CFC2A4-6C24-4662-92A9-A75417D1388D}.Release|Any CPU.Build.0 = Release|Any CPU
	EndGlobalSection
	GlobalSection(SolutionProperties) = preSolution
		HideSolutionNode = FALSE
	EndGlobalSection
	GlobalSection(ExtensibilityGlobals) = postSolution
		SolutionGuid = {1601FDA5-261F-4CC9-B237-26BAD285A720}
	EndGlobalSection
EndGlobal
